// !$*UTF8*$!
{
	archiveVersion = 1;
	classes = {
	};
	objectVersion = 51;
	objects = {

/* Begin PBXBuildFile section */
		05C94FEDA2A6D7C2256A1AAC /* libPods-GitHub.a in Frameworks */ = {isa = PBXBuildFile; fileRef = DA1513856F10589417BCFC80 /* libPods-GitHub.a */; };
		2BEB9D2A2528507F0022A2A6 /* AppDelegate.m in Sources */ = {isa = PBXBuildFile; fileRef = 2BEB9D292528507F0022A2A6 /* AppDelegate.m */; };
		2BEB9D2D2528507F0022A2A6 /* SceneDelegate.m in Sources */ = {isa = PBXBuildFile; fileRef = 2BEB9D2C2528507F0022A2A6 /* SceneDelegate.m */; };
		2BEB9D332528507F0022A2A6 /* Main.storyboard in Resources */ = {isa = PBXBuildFile; fileRef = 2BEB9D312528507F0022A2A6 /* Main.storyboard */; };
		2BEB9D35252850810022A2A6 /* Assets.xcassets in Resources */ = {isa = PBXBuildFile; fileRef = 2BEB9D34252850810022A2A6 /* Assets.xcassets */; };
		2BEB9D38252850810022A2A6 /* LaunchScreen.storyboard in Resources */ = {isa = PBXBuildFile; fileRef = 2BEB9D36252850810022A2A6 /* LaunchScreen.storyboard */; };
		2BEB9D3B252850810022A2A6 /* main.m in Sources */ = {isa = PBXBuildFile; fileRef = 2BEB9D3A252850810022A2A6 /* main.m */; };
		2BEB9D45252850810022A2A6 /* GitHubTests.m in Sources */ = {isa = PBXBuildFile; fileRef = 2BEB9D44252850810022A2A6 /* GitHubTests.m */; };
		2BEB9D50252850820022A2A6 /* GitHubUITests.m in Sources */ = {isa = PBXBuildFile; fileRef = 2BEB9D4F252850820022A2A6 /* GitHubUITests.m */; };
		2BEB9D60252851410022A2A6 /* LCYLoginViewController.m in Sources */ = {isa = PBXBuildFile; fileRef = 2BEB9D5F252851410022A2A6 /* LCYLoginViewController.m */; };
		2BEB9D7825302E300022A2A6 /* LCYTabBarController.m in Sources */ = {isa = PBXBuildFile; fileRef = 2BEB9D7725302E300022A2A6 /* LCYTabBarController.m */; };
		2BEB9D7C253040980022A2A6 /* LCYHomePagerViewController.m in Sources */ = {isa = PBXBuildFile; fileRef = 2BEB9D7B253040980022A2A6 /* LCYHomePagerViewController.m */; };
		2BEB9D80253045280022A2A6 /* LCYNotificationViewController.m in Sources */ = {isa = PBXBuildFile; fileRef = 2BEB9D7F253045280022A2A6 /* LCYNotificationViewController.m */; };
		2BEB9D872530462D0022A2A6 /* LCYSearchViewController.m in Sources */ = {isa = PBXBuildFile; fileRef = 2BEB9D862530462D0022A2A6 /* LCYSearchViewController.m */; };
		2BEB9D93253073E30022A2A6 /* LCYMyWorkData.m in Sources */ = {isa = PBXBuildFile; fileRef = 2BEB9D92253073E30022A2A6 /* LCYMyWorkData.m */; };
		2BEB9D992531C3470022A2A6 /* LCYLoginAlertView.m in Sources */ = {isa = PBXBuildFile; fileRef = 2BEB9D982531C3470022A2A6 /* LCYLoginAlertView.m */; };
		2BEB9DE52533F7210022A2A6 /* LCYFetchNetDataService.m in Sources */ = {isa = PBXBuildFile; fileRef = 2BEB9DE42533F7210022A2A6 /* LCYFetchNetDataService.m */; };
		2BEB9DF025354EBB0022A2A6 /* LCYItemModel.m in Sources */ = {isa = PBXBuildFile; fileRef = 2BEB9DEF25354EBB0022A2A6 /* LCYItemModel.m */; };
		2BEB9DF4253551560022A2A6 /* LCYUserModel.m in Sources */ = {isa = PBXBuildFile; fileRef = 2BEB9DF3253551560022A2A6 /* LCYUserModel.m */; };
		2BEB9DF825357DC10022A2A6 /* LCYShowRepositoriesViewController.m in Sources */ = {isa = PBXBuildFile; fileRef = 2BEB9DF725357DC10022A2A6 /* LCYShowRepositoriesViewController.m */; };
		2BEB9DFC25359FEE0022A2A6 /* LCYRepCell.m in Sources */ = {isa = PBXBuildFile; fileRef = 2BEB9DFB25359FEE0022A2A6 /* LCYRepCell.m */; };
		2BEB9E25253D7D1E0022A2A6 /* LCYSearchUserModel.m in Sources */ = {isa = PBXBuildFile; fileRef = 2BEB9E24253D7D1E0022A2A6 /* LCYSearchUserModel.m */; };
		2BEB9E29253D7EF50022A2A6 /* LCYSearchModel.m in Sources */ = {isa = PBXBuildFile; fileRef = 2BEB9E28253D7EF50022A2A6 /* LCYSearchModel.m */; };
		2BEB9E3D253F0B230022A2A6 /* LCYRepositoriesViewModel.m in Sources */ = {isa = PBXBuildFile; fileRef = 2BEB9E3C253F0B230022A2A6 /* LCYRepositoriesViewModel.m */; };
		2BEB9E41253FDBC90022A2A6 /* LCYSearchViewModel.m in Sources */ = {isa = PBXBuildFile; fileRef = 2BEB9E40253FDBC90022A2A6 /* LCYSearchViewModel.m */; };
		2BEB9E4825400F540022A2A6 /* LCYSearchCellTableViewCell.m in Sources */ = {isa = PBXBuildFile; fileRef = 2BEB9E4725400F540022A2A6 /* LCYSearchCellTableViewCell.m */; };
/* End PBXBuildFile section */

/* Begin PBXContainerItemProxy section */
		2BEB9D41252850810022A2A6 /* PBXContainerItemProxy */ = {
			isa = PBXContainerItemProxy;
			containerPortal = 2BEB9D1D2528507F0022A2A6 /* Project object */;
			proxyType = 1;
			remoteGlobalIDString = 2BEB9D242528507F0022A2A6;
			remoteInfo = GitHub;
		};
		2BEB9D4C252850820022A2A6 /* PBXContainerItemProxy */ = {
			isa = PBXContainerItemProxy;
			containerPortal = 2BEB9D1D2528507F0022A2A6 /* Project object */;
			proxyType = 1;
			remoteGlobalIDString = 2BEB9D242528507F0022A2A6;
			remoteInfo = GitHub;
		};
/* End PBXContainerItemProxy section */

/* Begin PBXFileReference section */
		2BEB9D252528507F0022A2A6 /* GitHub.app */ = {isa = PBXFileReference; explicitFileType = wrapper.application; includeInIndex = 0; path = GitHub.app; sourceTree = BUILT_PRODUCTS_DIR; };
		2BEB9D282528507F0022A2A6 /* AppDelegate.h */ = {isa = PBXFileReference; lastKnownFileType = sourcecode.c.h; path = AppDelegate.h; sourceTree = "<group>"; };
		2BEB9D292528507F0022A2A6 /* AppDelegate.m */ = {isa = PBXFileReference; lastKnownFileType = sourcecode.c.objc; path = AppDelegate.m; sourceTree = "<group>"; };
		2BEB9D2B2528507F0022A2A6 /* SceneDelegate.h */ = {isa = PBXFileReference; lastKnownFileType = sourcecode.c.h; path = SceneDelegate.h; sourceTree = "<group>"; };
		2BEB9D2C2528507F0022A2A6 /* SceneDelegate.m */ = {isa = PBXFileReference; lastKnownFileType = sourcecode.c.objc; path = SceneDelegate.m; sourceTree = "<group>"; };
		2BEB9D322528507F0022A2A6 /* Base */ = {isa = PBXFileReference; lastKnownFileType = file.storyboard; name = Base; path = Base.lproj/Main.storyboard; sourceTree = "<group>"; };
		2BEB9D34252850810022A2A6 /* Assets.xcassets */ = {isa = PBXFileReference; lastKnownFileType = folder.assetcatalog; path = Assets.xcassets; sourceTree = "<group>"; };
		2BEB9D37252850810022A2A6 /* Base */ = {isa = PBXFileReference; lastKnownFileType = file.storyboard; name = Base; path = Base.lproj/LaunchScreen.storyboard; sourceTree = "<group>"; };
		2BEB9D39252850810022A2A6 /* Info.plist */ = {isa = PBXFileReference; lastKnownFileType = text.plist.xml; path = Info.plist; sourceTree = "<group>"; };
		2BEB9D3A252850810022A2A6 /* main.m */ = {isa = PBXFileReference; lastKnownFileType = sourcecode.c.objc; path = main.m; sourceTree = "<group>"; };
		2BEB9D40252850810022A2A6 /* GitHubTests.xctest */ = {isa = PBXFileReference; explicitFileType = wrapper.cfbundle; includeInIndex = 0; path = GitHubTests.xctest; sourceTree = BUILT_PRODUCTS_DIR; };
		2BEB9D44252850810022A2A6 /* GitHubTests.m */ = {isa = PBXFileReference; lastKnownFileType = sourcecode.c.objc; path = GitHubTests.m; sourceTree = "<group>"; };
		2BEB9D46252850810022A2A6 /* Info.plist */ = {isa = PBXFileReference; lastKnownFileType = text.plist.xml; path = Info.plist; sourceTree = "<group>"; };
		2BEB9D4B252850820022A2A6 /* GitHubUITests.xctest */ = {isa = PBXFileReference; explicitFileType = wrapper.cfbundle; includeInIndex = 0; path = GitHubUITests.xctest; sourceTree = BUILT_PRODUCTS_DIR; };
		2BEB9D4F252850820022A2A6 /* GitHubUITests.m */ = {isa = PBXFileReference; lastKnownFileType = sourcecode.c.objc; path = GitHubUITests.m; sourceTree = "<group>"; };
		2BEB9D51252850820022A2A6 /* Info.plist */ = {isa = PBXFileReference; lastKnownFileType = text.plist.xml; path = Info.plist; sourceTree = "<group>"; };
		2BEB9D5E252851410022A2A6 /* LCYLoginViewController.h */ = {isa = PBXFileReference; lastKnownFileType = sourcecode.c.h; path = LCYLoginViewController.h; sourceTree = "<group>"; };
		2BEB9D5F252851410022A2A6 /* LCYLoginViewController.m */ = {isa = PBXFileReference; lastKnownFileType = sourcecode.c.objc; path = LCYLoginViewController.m; sourceTree = "<group>"; };
		2BEB9D7625302E300022A2A6 /* LCYTabBarController.h */ = {isa = PBXFileReference; lastKnownFileType = sourcecode.c.h; path = LCYTabBarController.h; sourceTree = "<group>"; };
		2BEB9D7725302E300022A2A6 /* LCYTabBarController.m */ = {isa = PBXFileReference; lastKnownFileType = sourcecode.c.objc; path = LCYTabBarController.m; sourceTree = "<group>"; };
		2BEB9D7A253040980022A2A6 /* LCYHomePagerViewController.h */ = {isa = PBXFileReference; lastKnownFileType = sourcecode.c.h; path = LCYHomePagerViewController.h; sourceTree = "<group>"; };
		2BEB9D7B253040980022A2A6 /* LCYHomePagerViewController.m */ = {isa = PBXFileReference; lastKnownFileType = sourcecode.c.objc; path = LCYHomePagerViewController.m; sourceTree = "<group>"; };
		2BEB9D7E253045280022A2A6 /* LCYNotificationViewController.h */ = {isa = PBXFileReference; lastKnownFileType = sourcecode.c.h; path = LCYNotificationViewController.h; sourceTree = "<group>"; };
		2BEB9D7F253045280022A2A6 /* LCYNotificationViewController.m */ = {isa = PBXFileReference; lastKnownFileType = sourcecode.c.objc; path = LCYNotificationViewController.m; sourceTree = "<group>"; };
		2BEB9D852530462D0022A2A6 /* LCYSearchViewController.h */ = {isa = PBXFileReference; lastKnownFileType = sourcecode.c.h; path = LCYSearchViewController.h; sourceTree = "<group>"; };
		2BEB9D862530462D0022A2A6 /* LCYSearchViewController.m */ = {isa = PBXFileReference; lastKnownFileType = sourcecode.c.objc; path = LCYSearchViewController.m; sourceTree = "<group>"; };
		2BEB9D91253073E30022A2A6 /* LCYMyWorkData.h */ = {isa = PBXFileReference; lastKnownFileType = sourcecode.c.h; path = LCYMyWorkData.h; sourceTree = "<group>"; };
		2BEB9D92253073E30022A2A6 /* LCYMyWorkData.m */ = {isa = PBXFileReference; lastKnownFileType = sourcecode.c.objc; path = LCYMyWorkData.m; sourceTree = "<group>"; };
		2BEB9D972531C3470022A2A6 /* LCYLoginAlertView.h */ = {isa = PBXFileReference; lastKnownFileType = sourcecode.c.h; path = LCYLoginAlertView.h; sourceTree = "<group>"; };
		2BEB9D982531C3470022A2A6 /* LCYLoginAlertView.m */ = {isa = PBXFileReference; lastKnownFileType = sourcecode.c.objc; path = LCYLoginAlertView.m; sourceTree = "<group>"; };
		2BEB9DE32533F7210022A2A6 /* LCYFetchNetDataService.h */ = {isa = PBXFileReference; lastKnownFileType = sourcecode.c.h; path = LCYFetchNetDataService.h; sourceTree = "<group>"; };
		2BEB9DE42533F7210022A2A6 /* LCYFetchNetDataService.m */ = {isa = PBXFileReference; lastKnownFileType = sourcecode.c.objc; path = LCYFetchNetDataService.m; sourceTree = "<group>"; };
		2BEB9DEE25354EBB0022A2A6 /* LCYItemModel.h */ = {isa = PBXFileReference; lastKnownFileType = sourcecode.c.h; path = LCYItemModel.h; sourceTree = "<group>"; };
		2BEB9DEF25354EBB0022A2A6 /* LCYItemModel.m */ = {isa = PBXFileReference; lastKnownFileType = sourcecode.c.objc; path = LCYItemModel.m; sourceTree = "<group>"; };
		2BEB9DF2253551560022A2A6 /* LCYUserModel.h */ = {isa = PBXFileReference; lastKnownFileType = sourcecode.c.h; path = LCYUserModel.h; sourceTree = "<group>"; };
		2BEB9DF3253551560022A2A6 /* LCYUserModel.m */ = {isa = PBXFileReference; lastKnownFileType = sourcecode.c.objc; path = LCYUserModel.m; sourceTree = "<group>"; };
		2BEB9DF625357DC10022A2A6 /* LCYShowRepositoriesViewController.h */ = {isa = PBXFileReference; lastKnownFileType = sourcecode.c.h; path = LCYShowRepositoriesViewController.h; sourceTree = "<group>"; };
		2BEB9DF725357DC10022A2A6 /* LCYShowRepositoriesViewController.m */ = {isa = PBXFileReference; lastKnownFileType = sourcecode.c.objc; path = LCYShowRepositoriesViewController.m; sourceTree = "<group>"; };
		2BEB9DFA25359FEE0022A2A6 /* LCYRepoCell.h */ = {isa = PBXFileReference; lastKnownFileType = sourcecode.c.h; path = LCYRepoCell.h; sourceTree = "<group>"; };
		2BEB9DFB25359FEE0022A2A6 /* LCYRepCell.m */ = {isa = PBXFileReference; lastKnownFileType = sourcecode.c.objc; path = LCYRepCell.m; sourceTree = "<group>"; };
		2BEB9E23253D7D1E0022A2A6 /* LCYSearchUserModel.h */ = {isa = PBXFileReference; lastKnownFileType = sourcecode.c.h; path = LCYSearchUserModel.h; sourceTree = "<group>"; };
		2BEB9E24253D7D1E0022A2A6 /* LCYSearchUserModel.m */ = {isa = PBXFileReference; lastKnownFileType = sourcecode.c.objc; path = LCYSearchUserModel.m; sourceTree = "<group>"; };
		2BEB9E27253D7EF50022A2A6 /* LCYSearchModel.h */ = {isa = PBXFileReference; lastKnownFileType = sourcecode.c.h; path = LCYSearchModel.h; sourceTree = "<group>"; };
		2BEB9E28253D7EF50022A2A6 /* LCYSearchModel.m */ = {isa = PBXFileReference; lastKnownFileType = sourcecode.c.objc; path = LCYSearchModel.m; sourceTree = "<group>"; };
		2BEB9E3B253F0B230022A2A6 /* LCYRepositoriesViewModel.h */ = {isa = PBXFileReference; lastKnownFileType = sourcecode.c.h; path = LCYRepositoriesViewModel.h; sourceTree = "<group>"; };
		2BEB9E3C253F0B230022A2A6 /* LCYRepositoriesViewModel.m */ = {isa = PBXFileReference; lastKnownFileType = sourcecode.c.objc; path = LCYRepositoriesViewModel.m; sourceTree = "<group>"; };
		2BEB9E3F253FDBC90022A2A6 /* LCYSearchViewModel.h */ = {isa = PBXFileReference; lastKnownFileType = sourcecode.c.h; path = LCYSearchViewModel.h; sourceTree = "<group>"; };
		2BEB9E40253FDBC90022A2A6 /* LCYSearchViewModel.m */ = {isa = PBXFileReference; lastKnownFileType = sourcecode.c.objc; path = LCYSearchViewModel.m; sourceTree = "<group>"; };
		2BEB9E4625400F540022A2A6 /* LCYSearchCellTableViewCell.h */ = {isa = PBXFileReference; lastKnownFileType = sourcecode.c.h; path = LCYSearchCellTableViewCell.h; sourceTree = "<group>"; };
		2BEB9E4725400F540022A2A6 /* LCYSearchCellTableViewCell.m */ = {isa = PBXFileReference; lastKnownFileType = sourcecode.c.objc; path = LCYSearchCellTableViewCell.m; sourceTree = "<group>"; };
		71A342FF9FE2E42FF0CA4235 /* Pods-GitHub.release.xcconfig */ = {isa = PBXFileReference; includeInIndex = 1; lastKnownFileType = text.xcconfig; name = "Pods-GitHub.release.xcconfig"; path = "Target Support Files/Pods-GitHub/Pods-GitHub.release.xcconfig"; sourceTree = "<group>"; };
		8F31CDBA890AEF4FC4350AA9 /* Pods-GitHub.debug.xcconfig */ = {isa = PBXFileReference; includeInIndex = 1; lastKnownFileType = text.xcconfig; name = "Pods-GitHub.debug.xcconfig"; path = "Target Support Files/Pods-GitHub/Pods-GitHub.debug.xcconfig"; sourceTree = "<group>"; };
		DA1513856F10589417BCFC80 /* libPods-GitHub.a */ = {isa = PBXFileReference; explicitFileType = archive.ar; includeInIndex = 0; path = "libPods-GitHub.a"; sourceTree = BUILT_PRODUCTS_DIR; };
/* End PBXFileReference section */

/* Begin PBXFrameworksBuildPhase section */
		2BEB9D222528507F0022A2A6 /* Frameworks */ = {
			isa = PBXFrameworksBuildPhase;
			buildActionMask = 2147483647;
			files = (
				05C94FEDA2A6D7C2256A1AAC /* libPods-GitHub.a in Frameworks */,
			);
			runOnlyForDeploymentPostprocessing = 0;
		};
		2BEB9D3D252850810022A2A6 /* Frameworks */ = {
			isa = PBXFrameworksBuildPhase;
			buildActionMask = 2147483647;
			files = (
			);
			runOnlyForDeploymentPostprocessing = 0;
		};
		2BEB9D48252850820022A2A6 /* Frameworks */ = {
			isa = PBXFrameworksBuildPhase;
			buildActionMask = 2147483647;
			files = (
			);
			runOnlyForDeploymentPostprocessing = 0;
		};
/* End PBXFrameworksBuildPhase section */

/* Begin PBXGroup section */
		2BEB9D1C2528507F0022A2A6 = {
			isa = PBXGroup;
			children = (
				2BEB9E3A253EDAD20022A2A6 /* Service */,
				2BEB9D81253045D50022A2A6 /* SearchPager */,
				2BEB9D5D252850FF0022A2A6 /* Logindisplay */,
				2BEB9D6C25302C5A0022A2A6 /* TabBar */,
				2BEB9D79253040530022A2A6 /* HomePager */,
				2BEB9D7D253044DF0022A2A6 /* NotificationViewController */,
				2BEB9D90253073BA0022A2A6 /* Model */,
				2BEB9D272528507F0022A2A6 /* GitHub */,
				2BEB9D43252850810022A2A6 /* GitHubTests */,
				2BEB9D4E252850820022A2A6 /* GitHubUITests */,
				2BEB9D262528507F0022A2A6 /* Products */,
				8DD7687A8CA70BCC2ED46C5C /* Pods */,
				473E2CCD5DB5FA65213E43EF /* Frameworks */,
			);
			sourceTree = "<group>";
		};
		2BEB9D262528507F0022A2A6 /* Products */ = {
			isa = PBXGroup;
			children = (
				2BEB9D252528507F0022A2A6 /* GitHub.app */,
				2BEB9D40252850810022A2A6 /* GitHubTests.xctest */,
				2BEB9D4B252850820022A2A6 /* GitHubUITests.xctest */,
			);
			name = Products;
			sourceTree = "<group>";
		};
		2BEB9D272528507F0022A2A6 /* GitHub */ = {
			isa = PBXGroup;
			children = (
				2BEB9D282528507F0022A2A6 /* AppDelegate.h */,
				2BEB9D292528507F0022A2A6 /* AppDelegate.m */,
				2BEB9D2B2528507F0022A2A6 /* SceneDelegate.h */,
				2BEB9D2C2528507F0022A2A6 /* SceneDelegate.m */,
				2BEB9D312528507F0022A2A6 /* Main.storyboard */,
				2BEB9D34252850810022A2A6 /* Assets.xcassets */,
				2BEB9D36252850810022A2A6 /* LaunchScreen.storyboard */,
				2BEB9D39252850810022A2A6 /* Info.plist */,
				2BEB9D3A252850810022A2A6 /* main.m */,
			);
			path = GitHub;
			sourceTree = "<group>";
		};
		2BEB9D43252850810022A2A6 /* GitHubTests */ = {
			isa = PBXGroup;
			children = (
				2BEB9D44252850810022A2A6 /* GitHubTests.m */,
				2BEB9D46252850810022A2A6 /* Info.plist */,
			);
			path = GitHubTests;
			sourceTree = "<group>";
		};
		2BEB9D4E252850820022A2A6 /* GitHubUITests */ = {
			isa = PBXGroup;
			children = (
				2BEB9D4F252850820022A2A6 /* GitHubUITests.m */,
				2BEB9D51252850820022A2A6 /* Info.plist */,
			);
			path = GitHubUITests;
			sourceTree = "<group>";
		};
		2BEB9D5D252850FF0022A2A6 /* Logindisplay */ = {
			isa = PBXGroup;
			children = (
				2BEB9E37253ED9DB0022A2A6 /* View */,
			);
			path = Logindisplay;
			sourceTree = "<group>";
		};
		2BEB9D652528E32F0022A2A6 /* LoginAlertView */ = {
			isa = PBXGroup;
			children = (
				2BEB9D972531C3470022A2A6 /* LCYLoginAlertView.h */,
				2BEB9D982531C3470022A2A6 /* LCYLoginAlertView.m */,
			);
			path = LoginAlertView;
			sourceTree = "<group>";
		};
		2BEB9D6C25302C5A0022A2A6 /* TabBar */ = {
			isa = PBXGroup;
			children = (
				2BEB9E38253ED9F60022A2A6 /* View */,
			);
			path = TabBar;
			sourceTree = "<group>";
		};
		2BEB9D79253040530022A2A6 /* HomePager */ = {
			isa = PBXGroup;
			children = (
				2BEB9E34253ED9490022A2A6 /* Model */,
				2BEB9E32253ED8190022A2A6 /* ViewModel */,
				2BEB9E31253ED7BC0022A2A6 /* View */,
			);
			path = HomePager;
			sourceTree = "<group>";
		};
		2BEB9D7D253044DF0022A2A6 /* NotificationViewController */ = {
			isa = PBXGroup;
			children = (
				2BEB9E39253EDA140022A2A6 /* View */,
			);
			path = NotificationViewController;
			sourceTree = "<group>";
		};
		2BEB9D81253045D50022A2A6 /* SearchPager */ = {
			isa = PBXGroup;
			children = (
				2BEB9E3E253FDA8E0022A2A6 /* ViewModel */,
				2BEB9E36253ED9890022A2A6 /* Model */,
				2BEB9E35253ED97B0022A2A6 /* View */,
			);
			path = SearchPager;
			sourceTree = "<group>";
		};
		2BEB9D90253073BA0022A2A6 /* Model */ = {
			isa = PBXGroup;
			children = (
				2BEB9D91253073E30022A2A6 /* LCYMyWorkData.h */,
				2BEB9D92253073E30022A2A6 /* LCYMyWorkData.m */,
			);
			path = Model;
			sourceTree = "<group>";
		};
		2BEB9DE22533F6FF0022A2A6 /* FetchNetData */ = {
			isa = PBXGroup;
			children = (
				2BEB9DE32533F7210022A2A6 /* LCYFetchNetDataService.h */,
				2BEB9DE42533F7210022A2A6 /* LCYFetchNetDataService.m */,
			);
			path = FetchNetData;
			sourceTree = "<group>";
		};
		2BEB9DF525357D6A0022A2A6 /* ShowRepOfNetController */ = {
			isa = PBXGroup;
			children = (
				2BEB9DF625357DC10022A2A6 /* LCYShowRepositoriesViewController.h */,
				2BEB9DF725357DC10022A2A6 /* LCYShowRepositoriesViewController.m */,
			);
			path = ShowRepOfNetController;
			sourceTree = "<group>";
		};
		2BEB9DF925359F8B0022A2A6 /* RepoCellModel */ = {
			isa = PBXGroup;
			children = (
				2BEB9DFA25359FEE0022A2A6 /* LCYRepoCell.h */,
				2BEB9DFB25359FEE0022A2A6 /* LCYRepCell.m */,
			);
			path = RepoCellModel;
			sourceTree = "<group>";
		};
		2BEB9E22253D7CA90022A2A6 /* SearchModel */ = {
			isa = PBXGroup;
			children = (
				2BEB9E23253D7D1E0022A2A6 /* LCYSearchUserModel.h */,
				2BEB9E24253D7D1E0022A2A6 /* LCYSearchUserModel.m */,
				2BEB9E27253D7EF50022A2A6 /* LCYSearchModel.h */,
				2BEB9E28253D7EF50022A2A6 /* LCYSearchModel.m */,
			);
			path = SearchModel;
			sourceTree = "<group>";
		};
		2BEB9E30253EB95C0022A2A6 /* UserModel */ = {
			isa = PBXGroup;
			children = (
				2BEB9DEE25354EBB0022A2A6 /* LCYItemModel.h */,
				2BEB9DEF25354EBB0022A2A6 /* LCYItemModel.m */,
				2BEB9DF2253551560022A2A6 /* LCYUserModel.h */,
				2BEB9DF3253551560022A2A6 /* LCYUserModel.m */,
			);
			path = UserModel;
			sourceTree = "<group>";
		};
		2BEB9E31253ED7BC0022A2A6 /* View */ = {
			isa = PBXGroup;
			children = (
				2BEB9DF925359F8B0022A2A6 /* RepoCellModel */,
				2BEB9D7A253040980022A2A6 /* LCYHomePagerViewController.h */,
				2BEB9D7B253040980022A2A6 /* LCYHomePagerViewController.m */,
				2BEB9DF525357D6A0022A2A6 /* ShowRepOfNetController */,
			);
			path = View;
			sourceTree = "<group>";
		};
		2BEB9E32253ED8190022A2A6 /* ViewModel */ = {
			isa = PBXGroup;
			children = (
				2BEB9E3B253F0B230022A2A6 /* LCYRepositoriesViewModel.h */,
				2BEB9E3C253F0B230022A2A6 /* LCYRepositoriesViewModel.m */,
			);
			path = ViewModel;
			sourceTree = "<group>";
		};
		2BEB9E34253ED9490022A2A6 /* Model */ = {
			isa = PBXGroup;
			children = (
				2BEB9E30253EB95C0022A2A6 /* UserModel */,
			);
			path = Model;
			sourceTree = "<group>";
		};
		2BEB9E35253ED97B0022A2A6 /* View */ = {
			isa = PBXGroup;
			children = (
				2BEB9E42253FEDCB0022A2A6 /* SearchCellModel */,
				2BEB9D852530462D0022A2A6 /* LCYSearchViewController.h */,
				2BEB9D862530462D0022A2A6 /* LCYSearchViewController.m */,
			);
			path = View;
			sourceTree = "<group>";
		};
		2BEB9E36253ED9890022A2A6 /* Model */ = {
			isa = PBXGroup;
			children = (
				2BEB9E22253D7CA90022A2A6 /* SearchModel */,
			);
			path = Model;
			sourceTree = "<group>";
		};
		2BEB9E37253ED9DB0022A2A6 /* View */ = {
			isa = PBXGroup;
			children = (
				2BEB9D5E252851410022A2A6 /* LCYLoginViewController.h */,
				2BEB9D5F252851410022A2A6 /* LCYLoginViewController.m */,
				2BEB9D652528E32F0022A2A6 /* LoginAlertView */,
			);
			path = View;
			sourceTree = "<group>";
		};
		2BEB9E38253ED9F60022A2A6 /* View */ = {
			isa = PBXGroup;
			children = (
				2BEB9D7625302E300022A2A6 /* LCYTabBarController.h */,
				2BEB9D7725302E300022A2A6 /* LCYTabBarController.m */,
			);
			path = View;
			sourceTree = "<group>";
		};
		2BEB9E39253EDA140022A2A6 /* View */ = {
			isa = PBXGroup;
			children = (
				2BEB9D7F253045280022A2A6 /* LCYNotificationViewController.m */,
				2BEB9D7E253045280022A2A6 /* LCYNotificationViewController.h */,
			);
			path = View;
			sourceTree = "<group>";
		};
		2BEB9E3A253EDAD20022A2A6 /* Service */ = {
			isa = PBXGroup;
			children = (
				2BEB9DE22533F6FF0022A2A6 /* FetchNetData */,
			);
			path = Service;
			sourceTree = "<group>";
		};
		2BEB9E3E253FDA8E0022A2A6 /* ViewModel */ = {
			isa = PBXGroup;
			children = (
				2BEB9E3F253FDBC90022A2A6 /* LCYSearchViewModel.h */,
				2BEB9E40253FDBC90022A2A6 /* LCYSearchViewModel.m */,
			);
			path = ViewModel;
			sourceTree = "<group>";
		};
		2BEB9E42253FEDCB0022A2A6 /* SearchCellModel */ = {
			isa = PBXGroup;
			children = (
				2BEB9E4625400F540022A2A6 /* LCYSearchCellTableViewCell.h */,
				2BEB9E4725400F540022A2A6 /* LCYSearchCellTableViewCell.m */,
			);
			path = SearchCellModel;
			sourceTree = "<group>";
		};
		473E2CCD5DB5FA65213E43EF /* Frameworks */ = {
			isa = PBXGroup;
			children = (
				DA1513856F10589417BCFC80 /* libPods-GitHub.a */,
			);
			name = Frameworks;
			sourceTree = "<group>";
		};
		8DD7687A8CA70BCC2ED46C5C /* Pods */ = {
			isa = PBXGroup;
			children = (
				8F31CDBA890AEF4FC4350AA9 /* Pods-GitHub.debug.xcconfig */,
				71A342FF9FE2E42FF0CA4235 /* Pods-GitHub.release.xcconfig */,
			);
			path = Pods;
			sourceTree = "<group>";
		};
/* End PBXGroup section */

/* Begin PBXNativeTarget section */
		2BEB9D242528507F0022A2A6 /* GitHub */ = {
			isa = PBXNativeTarget;
			buildConfigurationList = 2BEB9D54252850820022A2A6 /* Build configuration list for PBXNativeTarget "GitHub" */;
			buildPhases = (
				76942AD6FAB2DB8922436F07 /* [CP] Check Pods Manifest.lock */,
				2BEB9D212528507F0022A2A6 /* Sources */,
				2BEB9D222528507F0022A2A6 /* Frameworks */,
				2BEB9D232528507F0022A2A6 /* Resources */,
				48778AE6FAD03128A95729AB /* [CP] Copy Pods Resources */,
			);
			buildRules = (
			);
			dependencies = (
			);
			name = GitHub;
			productName = GitHub;
			productReference = 2BEB9D252528507F0022A2A6 /* GitHub.app */;
			productType = "com.apple.product-type.application";
		};
		2BEB9D3F252850810022A2A6 /* GitHubTests */ = {
			isa = PBXNativeTarget;
			buildConfigurationList = 2BEB9D57252850820022A2A6 /* Build configuration list for PBXNativeTarget "GitHubTests" */;
			buildPhases = (
				2BEB9D3C252850810022A2A6 /* Sources */,
				2BEB9D3D252850810022A2A6 /* Frameworks */,
				2BEB9D3E252850810022A2A6 /* Resources */,
			);
			buildRules = (
			);
			dependencies = (
				2BEB9D42252850810022A2A6 /* PBXTargetDependency */,
			);
			name = GitHubTests;
			productName = GitHubTests;
			productReference = 2BEB9D40252850810022A2A6 /* GitHubTests.xctest */;
			productType = "com.apple.product-type.bundle.unit-test";
		};
		2BEB9D4A252850820022A2A6 /* GitHubUITests */ = {
			isa = PBXNativeTarget;
			buildConfigurationList = 2BEB9D5A252850820022A2A6 /* Build configuration list for PBXNativeTarget "GitHubUITests" */;
			buildPhases = (
				2BEB9D47252850820022A2A6 /* Sources */,
				2BEB9D48252850820022A2A6 /* Frameworks */,
				2BEB9D49252850820022A2A6 /* Resources */,
			);
			buildRules = (
			);
			dependencies = (
				2BEB9D4D252850820022A2A6 /* PBXTargetDependency */,
			);
			name = GitHubUITests;
			productName = GitHubUITests;
			productReference = 2BEB9D4B252850820022A2A6 /* GitHubUITests.xctest */;
			productType = "com.apple.product-type.bundle.ui-testing";
		};
/* End PBXNativeTarget section */

/* Begin PBXProject section */
		2BEB9D1D2528507F0022A2A6 /* Project object */ = {
			isa = PBXProject;
			attributes = {
				LastUpgradeCheck = 1160;
				ORGANIZATIONNAME = bytedance;
				TargetAttributes = {
					2BEB9D242528507F0022A2A6 = {
						CreatedOnToolsVersion = 11.6;
					};
					2BEB9D3F252850810022A2A6 = {
						CreatedOnToolsVersion = 11.6;
						TestTargetID = 2BEB9D242528507F0022A2A6;
					};
					2BEB9D4A252850820022A2A6 = {
						CreatedOnToolsVersion = 11.6;
						TestTargetID = 2BEB9D242528507F0022A2A6;
					};
				};
			};
			buildConfigurationList = 2BEB9D202528507F0022A2A6 /* Build configuration list for PBXProject "GitHub" */;
			compatibilityVersion = "Xcode 9.3";
			developmentRegion = en;
			hasScannedForEncodings = 0;
			knownRegions = (
				en,
				Base,
			);
			mainGroup = 2BEB9D1C2528507F0022A2A6;
			productRefGroup = 2BEB9D262528507F0022A2A6 /* Products */;
			projectDirPath = "";
			projectRoot = "";
			targets = (
				2BEB9D242528507F0022A2A6 /* GitHub */,
				2BEB9D3F252850810022A2A6 /* GitHubTests */,
				2BEB9D4A252850820022A2A6 /* GitHubUITests */,
			);
		};
/* End PBXProject section */

/* Begin PBXResourcesBuildPhase section */
		2BEB9D232528507F0022A2A6 /* Resources */ = {
			isa = PBXResourcesBuildPhase;
			buildActionMask = 2147483647;
			files = (
				2BEB9D38252850810022A2A6 /* LaunchScreen.storyboard in Resources */,
				2BEB9D35252850810022A2A6 /* Assets.xcassets in Resources */,
				2BEB9D332528507F0022A2A6 /* Main.storyboard in Resources */,
			);
			runOnlyForDeploymentPostprocessing = 0;
		};
		2BEB9D3E252850810022A2A6 /* Resources */ = {
			isa = PBXResourcesBuildPhase;
			buildActionMask = 2147483647;
			files = (
			);
			runOnlyForDeploymentPostprocessing = 0;
		};
		2BEB9D49252850820022A2A6 /* Resources */ = {
			isa = PBXResourcesBuildPhase;
			buildActionMask = 2147483647;
			files = (
			);
			runOnlyForDeploymentPostprocessing = 0;
		};
/* End PBXResourcesBuildPhase section */

/* Begin PBXShellScriptBuildPhase section */
		48778AE6FAD03128A95729AB /* [CP] Copy Pods Resources */ = {
			isa = PBXShellScriptBuildPhase;
			buildActionMask = 2147483647;
			files = (
			);
			inputFileListPaths = (
				"${PODS_ROOT}/Target Support Files/Pods-GitHub/Pods-GitHub-resources-${CONFIGURATION}-input-files.xcfilelist",
			);
			name = "[CP] Copy Pods Resources";
			outputFileListPaths = (
				"${PODS_ROOT}/Target Support Files/Pods-GitHub/Pods-GitHub-resources-${CONFIGURATION}-output-files.xcfilelist",
			);
			runOnlyForDeploymentPostprocessing = 0;
			shellPath = /bin/sh;
			shellScript = "\"${PODS_ROOT}/Target Support Files/Pods-GitHub/Pods-GitHub-resources.sh\"\n";
			showEnvVarsInLog = 0;
		};
		76942AD6FAB2DB8922436F07 /* [CP] Check Pods Manifest.lock */ = {
			isa = PBXShellScriptBuildPhase;
			buildActionMask = 2147483647;
			files = (
			);
			inputFileListPaths = (
			);
			inputPaths = (
				"${PODS_PODFILE_DIR_PATH}/Podfile.lock",
				"${PODS_ROOT}/Manifest.lock",
			);
			name = "[CP] Check Pods Manifest.lock";
			outputFileListPaths = (
			);
			outputPaths = (
				"$(DERIVED_FILE_DIR)/Pods-GitHub-checkManifestLockResult.txt",
			);
			runOnlyForDeploymentPostprocessing = 0;
			shellPath = /bin/sh;
			shellScript = "diff \"${PODS_PODFILE_DIR_PATH}/Podfile.lock\" \"${PODS_ROOT}/Manifest.lock\" > /dev/null\nif [ $? != 0 ] ; then\n    # print error to STDERR\n    echo \"error: The sandbox is not in sync with the Podfile.lock. Run 'pod install' or update your CocoaPods installation.\" >&2\n    exit 1\nfi\n# This output is used by Xcode 'outputs' to avoid re-running this script phase.\necho \"SUCCESS\" > \"${SCRIPT_OUTPUT_FILE_0}\"\n";
			showEnvVarsInLog = 0;
		};
/* End PBXShellScriptBuildPhase section */

/* Begin PBXSourcesBuildPhase section */
		2BEB9D212528507F0022A2A6 /* Sources */ = {
			isa = PBXSourcesBuildPhase;
			buildActionMask = 2147483647;
			files = (
				2BEB9E3D253F0B230022A2A6 /* LCYRepositoriesViewModel.m in Sources */,
				2BEB9D2A2528507F0022A2A6 /* AppDelegate.m in Sources */,
				2BEB9DF025354EBB0022A2A6 /* LCYItemModel.m in Sources */,
				2BEB9D3B252850810022A2A6 /* main.m in Sources */,
				2BEB9D992531C3470022A2A6 /* LCYLoginAlertView.m in Sources */,
				2BEB9D93253073E30022A2A6 /* LCYMyWorkData.m in Sources */,
				2BEB9D7825302E300022A2A6 /* LCYTabBarController.m in Sources */,
				2BEB9E29253D7EF50022A2A6 /* LCYSearchModel.m in Sources */,
				2BEB9E4825400F540022A2A6 /* LCYSearchCellTableViewCell.m in Sources */,
				2BEB9D872530462D0022A2A6 /* LCYSearchViewController.m in Sources */,
				2BEB9DE52533F7210022A2A6 /* LCYFetchNetDataService.m in Sources */,
				2BEB9D2D2528507F0022A2A6 /* SceneDelegate.m in Sources */,
				2BEB9DF825357DC10022A2A6 /* LCYShowRepositoriesViewController.m in Sources */,
				2BEB9DF4253551560022A2A6 /* LCYUserModel.m in Sources */,
				2BEB9D80253045280022A2A6 /* LCYNotificationViewController.m in Sources */,
				2BEB9E41253FDBC90022A2A6 /* LCYSearchViewModel.m in Sources */,
				2BEB9D7C253040980022A2A6 /* LCYHomePagerViewController.m in Sources */,
				2BEB9E25253D7D1E0022A2A6 /* LCYSearchUserModel.m in Sources */,
				2BEB9DFC25359FEE0022A2A6 /* LCYRepCell.m in Sources */,
				2BEB9D60252851410022A2A6 /* LCYLoginViewController.m in Sources */,
			);
			runOnlyForDeploymentPostprocessing = 0;
		};
		2BEB9D3C252850810022A2A6 /* Sources */ = {
			isa = PBXSourcesBuildPhase;
			buildActionMask = 2147483647;
			files = (
				2BEB9D45252850810022A2A6 /* GitHubTests.m in Sources */,
			);
			runOnlyForDeploymentPostprocessing = 0;
		};
		2BEB9D47252850820022A2A6 /* Sources */ = {
			isa = PBXSourcesBuildPhase;
			buildActionMask = 2147483647;
			files = (
				2BEB9D50252850820022A2A6 /* GitHubUITests.m in Sources */,
			);
			runOnlyForDeploymentPostprocessing = 0;
		};
/* End PBXSourcesBuildPhase section */

/* Begin PBXTargetDependency section */
		2BEB9D42252850810022A2A6 /* PBXTargetDependency */ = {
			isa = PBXTargetDependency;
			target = 2BEB9D242528507F0022A2A6 /* GitHub */;
			targetProxy = 2BEB9D41252850810022A2A6 /* PBXContainerItemProxy */;
		};
		2BEB9D4D252850820022A2A6 /* PBXTargetDependency */ = {
			isa = PBXTargetDependency;
			target = 2BEB9D242528507F0022A2A6 /* GitHub */;
			targetProxy = 2BEB9D4C252850820022A2A6 /* PBXContainerItemProxy */;
		};
/* End PBXTargetDependency section */

/* Begin PBXVariantGroup section */
		2BEB9D312528507F0022A2A6 /* Main.storyboard */ = {
			isa = PBXVariantGroup;
			children = (
				2BEB9D322528507F0022A2A6 /* Base */,
			);
			name = Main.storyboard;
			sourceTree = "<group>";
		};
		2BEB9D36252850810022A2A6 /* LaunchScreen.storyboard */ = {
			isa = PBXVariantGroup;
			children = (
				2BEB9D37252850810022A2A6 /* Base */,
			);
			name = LaunchScreen.storyboard;
			sourceTree = "<group>";
		};
/* End PBXVariantGroup section */

/* Begin XCBuildConfiguration section */
		2BEB9D52252850820022A2A6 /* Debug */ = {
			isa = XCBuildConfiguration;
			buildSettings = {
				ALWAYS_SEARCH_USER_PATHS = NO;
				CLANG_ANALYZER_NONNULL = YES;
				CLANG_ANALYZER_NUMBER_OBJECT_CONVERSION = YES_AGGRESSIVE;
				CLANG_CXX_LANGUAGE_STANDARD = "gnu++14";
				CLANG_CXX_LIBRARY = "libc++";
				CLANG_ENABLE_MODULES = YES;
				CLANG_ENABLE_OBJC_ARC = YES;
				CLANG_ENABLE_OBJC_WEAK = YES;
				CLANG_WARN_BLOCK_CAPTURE_AUTORELEASING = YES;
				CLANG_WARN_BOOL_CONVERSION = YES;
				CLANG_WARN_COMMA = YES;
				CLANG_WARN_CONSTANT_CONVERSION = YES;
				CLANG_WARN_DEPRECATED_OBJC_IMPLEMENTATIONS = YES;
				CLANG_WARN_DIRECT_OBJC_ISA_USAGE = YES_ERROR;
				CLANG_WARN_DOCUMENTATION_COMMENTS = YES;
				CLANG_WARN_EMPTY_BODY = YES;
				CLANG_WARN_ENUM_CONVERSION = YES;
				CLANG_WARN_INFINITE_RECURSION = YES;
				CLANG_WARN_INT_CONVERSION = YES;
				CLANG_WARN_NON_LITERAL_NULL_CONVERSION = YES;
				CLANG_WARN_OBJC_IMPLICIT_RETAIN_SELF = YES;
				CLANG_WARN_OBJC_LITERAL_CONVERSION = YES;
				CLANG_WARN_OBJC_ROOT_CLASS = YES_ERROR;
				CLANG_WARN_RANGE_LOOP_ANALYSIS = YES;
				CLANG_WARN_STRICT_PROTOTYPES = YES;
				CLANG_WARN_SUSPICIOUS_MOVE = YES;
				CLANG_WARN_UNGUARDED_AVAILABILITY = YES_AGGRESSIVE;
				CLANG_WARN_UNREACHABLE_CODE = YES;
				CLANG_WARN__DUPLICATE_METHOD_MATCH = YES;
				COPY_PHASE_STRIP = NO;
				DEBUG_INFORMATION_FORMAT = dwarf;
				ENABLE_STRICT_OBJC_MSGSEND = YES;
				ENABLE_TESTABILITY = YES;
				GCC_C_LANGUAGE_STANDARD = gnu11;
				GCC_DYNAMIC_NO_PIC = NO;
				GCC_NO_COMMON_BLOCKS = YES;
				GCC_OPTIMIZATION_LEVEL = 0;
				GCC_PREPROCESSOR_DEFINITIONS = (
					"DEBUG=1",
					"$(inherited)",
				);
				GCC_WARN_64_TO_32_BIT_CONVERSION = YES;
				GCC_WARN_ABOUT_RETURN_TYPE = YES_ERROR;
				GCC_WARN_UNDECLARED_SELECTOR = YES;
				GCC_WARN_UNINITIALIZED_AUTOS = YES_AGGRESSIVE;
				GCC_WARN_UNUSED_FUNCTION = YES;
				GCC_WARN_UNUSED_VARIABLE = YES;
				IPHONEOS_DEPLOYMENT_TARGET = 13.6;
				MTL_ENABLE_DEBUG_INFO = INCLUDE_SOURCE;
				MTL_FAST_MATH = YES;
				ONLY_ACTIVE_ARCH = YES;
				SDKROOT = iphoneos;
			};
			name = Debug;
		};
		2BEB9D53252850820022A2A6 /* Release */ = {
			isa = XCBuildConfiguration;
			buildSettings = {
				ALWAYS_SEARCH_USER_PATHS = NO;
				CLANG_ANALYZER_NONNULL = YES;
				CLANG_ANALYZER_NUMBER_OBJECT_CONVERSION = YES_AGGRESSIVE;
				CLANG_CXX_LANGUAGE_STANDARD = "gnu++14";
				CLANG_CXX_LIBRARY = "libc++";
				CLANG_ENABLE_MODULES = YES;
				CLANG_ENABLE_OBJC_ARC = YES;
				CLANG_ENABLE_OBJC_WEAK = YES;
				CLANG_WARN_BLOCK_CAPTURE_AUTORELEASING = YES;
				CLANG_WARN_BOOL_CONVERSION = YES;
				CLANG_WARN_COMMA = YES;
				CLANG_WARN_CONSTANT_CONVERSION = YES;
				CLANG_WARN_DEPRECATED_OBJC_IMPLEMENTATIONS = YES;
				CLANG_WARN_DIRECT_OBJC_ISA_USAGE = YES_ERROR;
				CLANG_WARN_DOCUMENTATION_COMMENTS = YES;
				CLANG_WARN_EMPTY_BODY = YES;
				CLANG_WARN_ENUM_CONVERSION = YES;
				CLANG_WARN_INFINITE_RECURSION = YES;
				CLANG_WARN_INT_CONVERSION = YES;
				CLANG_WARN_NON_LITERAL_NULL_CONVERSION = YES;
				CLANG_WARN_OBJC_IMPLICIT_RETAIN_SELF = YES;
				CLANG_WARN_OBJC_LITERAL_CONVERSION = YES;
				CLANG_WARN_OBJC_ROOT_CLASS = YES_ERROR;
				CLANG_WARN_RANGE_LOOP_ANALYSIS = YES;
				CLANG_WARN_STRICT_PROTOTYPES = YES;
				CLANG_WARN_SUSPICIOUS_MOVE = YES;
				CLANG_WARN_UNGUARDED_AVAILABILITY = YES_AGGRESSIVE;
				CLANG_WARN_UNREACHABLE_CODE = YES;
				CLANG_WARN__DUPLICATE_METHOD_MATCH = YES;
				COPY_PHASE_STRIP = NO;
				DEBUG_INFORMATION_FORMAT = "dwarf-with-dsym";
				ENABLE_NS_ASSERTIONS = NO;
				ENABLE_STRICT_OBJC_MSGSEND = YES;
				GCC_C_LANGUAGE_STANDARD = gnu11;
				GCC_NO_COMMON_BLOCKS = YES;
				GCC_WARN_64_TO_32_BIT_CONVERSION = YES;
				GCC_WARN_ABOUT_RETURN_TYPE = YES_ERROR;
				GCC_WARN_UNDECLARED_SELECTOR = YES;
				GCC_WARN_UNINITIALIZED_AUTOS = YES_AGGRESSIVE;
				GCC_WARN_UNUSED_FUNCTION = YES;
				GCC_WARN_UNUSED_VARIABLE = YES;
				IPHONEOS_DEPLOYMENT_TARGET = 13.6;
				MTL_ENABLE_DEBUG_INFO = NO;
				MTL_FAST_MATH = YES;
				SDKROOT = iphoneos;
				VALIDATE_PRODUCT = YES;
			};
			name = Release;
		};
		2BEB9D55252850820022A2A6 /* Debug */ = {
			isa = XCBuildConfiguration;
			baseConfigurationReference = 8F31CDBA890AEF4FC4350AA9 /* Pods-GitHub.debug.xcconfig */;
			buildSettings = {
				ASSETCATALOG_COMPILER_APPICON_NAME = AppIcon;
				CODE_SIGN_STYLE = Automatic;
				INFOPLIST_FILE = GitHub/Info.plist;
				LD_RUNPATH_SEARCH_PATHS = (
					"$(inherited)",
					"@executable_path/Frameworks",
				);
				PRODUCT_BUNDLE_IDENTIFIER = "-23.GitHub";
				PRODUCT_NAME = "$(TARGET_NAME)";
				TARGETED_DEVICE_FAMILY = "1,2";
			};
			name = Debug;
		};
		2BEB9D56252850820022A2A6 /* Release */ = {
			isa = XCBuildConfiguration;
			baseConfigurationReference = 71A342FF9FE2E42FF0CA4235 /* Pods-GitHub.release.xcconfig */;
			buildSettings = {
				ASSETCATALOG_COMPILER_APPICON_NAME = AppIcon;
				CODE_SIGN_STYLE = Automatic;
				INFOPLIST_FILE = GitHub/Info.plist;
				LD_RUNPATH_SEARCH_PATHS = (
					"$(inherited)",
					"@executable_path/Frameworks",
				);
				PRODUCT_BUNDLE_IDENTIFIER = "-23.GitHub";
				PRODUCT_NAME = "$(TARGET_NAME)";
				TARGETED_DEVICE_FAMILY = "1,2";
			};
			name = Release;
		};
		2BEB9D58252850820022A2A6 /* Debug */ = {
			isa = XCBuildConfiguration;
			buildSettings = {
				BUNDLE_LOADER = "$(TEST_HOST)";
				CODE_SIGN_STYLE = Automatic;
				INFOPLIST_FILE = GitHubTests/Info.plist;
				IPHONEOS_DEPLOYMENT_TARGET = 13.6;
				LD_RUNPATH_SEARCH_PATHS = (
					"$(inherited)",
					"@executable_path/Frameworks",
					"@loader_path/Frameworks",
				);
				PRODUCT_BUNDLE_IDENTIFIER = "-23.GitHubTests";
				PRODUCT_NAME = "$(TARGET_NAME)";
				TARGETED_DEVICE_FAMILY = "1,2";
				TEST_HOST = "$(BUILT_PRODUCTS_DIR)/GitHub.app/GitHub";
			};
			name = Debug;
		};
		2BEB9D59252850820022A2A6 /* Release */ = {
			isa = XCBuildConfiguration;
			buildSettings = {
				BUNDLE_LOADER = "$(TEST_HOST)";
				CODE_SIGN_STYLE = Automatic;
				INFOPLIST_FILE = GitHubTests/Info.plist;
				IPHONEOS_DEPLOYMENT_TARGET = 13.6;
				LD_RUNPATH_SEARCH_PATHS = (
					"$(inherited)",
					"@executable_path/Frameworks",
					"@loader_path/Frameworks",
				);
				PRODUCT_BUNDLE_IDENTIFIER = "-23.GitHubTests";
				PRODUCT_NAME = "$(TARGET_NAME)";
				TARGETED_DEVICE_FAMILY = "1,2";
				TEST_HOST = "$(BUILT_PRODUCTS_DIR)/GitHub.app/GitHub";
			};
			name = Release;
		};
		2BEB9D5B252850820022A2A6 /* Debug */ = {
			isa = XCBuildConfiguration;
			buildSettings = {
				CODE_SIGN_STYLE = Automatic;
				INFOPLIST_FILE = GitHubUITests/Info.plist;
				LD_RUNPATH_SEARCH_PATHS = (
					"$(inherited)",
					"@executable_path/Frameworks",
					"@loader_path/Frameworks",
				);
				PRODUCT_BUNDLE_IDENTIFIER = "-23.GitHubUITests";
				PRODUCT_NAME = "$(TARGET_NAME)";
				TARGETED_DEVICE_FAMILY = "1,2";
				TEST_TARGET_NAME = GitHub;
			};
			name = Debug;
		};
		2BEB9D5C252850820022A2A6 /* Release */ = {
			isa = XCBuildConfiguration;
			buildSettings = {
				CODE_SIGN_STYLE = Automatic;
				INFOPLIST_FILE = GitHubUITests/Info.plist;
				LD_RUNPATH_SEARCH_PATHS = (
					"$(inherited)",
					"@executable_path/Frameworks",
					"@loader_path/Frameworks",
				);
				PRODUCT_BUNDLE_IDENTIFIER = "-23.GitHubUITests";
				PRODUCT_NAME = "$(TARGET_NAME)";
				TARGETED_DEVICE_FAMILY = "1,2";
				TEST_TARGET_NAME = GitHub;
			};
			name = Release;
		};
/* End XCBuildConfiguration section */

/* Begin XCConfigurationList section */
		2BEB9D202528507F0022A2A6 /* Build configuration list for PBXProject "GitHub" */ = {
			isa = XCConfigurationList;
			buildConfigurations = (
				2BEB9D52252850820022A2A6 /* Debug */,
				2BEB9D53252850820022A2A6 /* Release */,
			);
			defaultConfigurationIsVisible = 0;
			defaultConfigurationName = Release;
		};
		2BEB9D54252850820022A2A6 /* Build configuration list for PBXNativeTarget "GitHub" */ = {
			isa = XCConfigurationList;
			buildConfigurations = (
				2BEB9D55252850820022A2A6 /* Debug */,
				2BEB9D56252850820022A2A6 /* Release */,
			);
			defaultConfigurationIsVisible = 0;
			defaultConfigurationName = Release;
		};
		2BEB9D57252850820022A2A6 /* Build configuration list for PBXNativeTarget "GitHubTests" */ = {
			isa = XCConfigurationList;
			buildConfigurations = (
				2BEB9D58252850820022A2A6 /* Debug */,
				2BEB9D59252850820022A2A6 /* Release */,
			);
			defaultConfigurationIsVisible = 0;
			defaultConfigurationName = Release;
		};
		2BEB9D5A252850820022A2A6 /* Build configuration list for PBXNativeTarget "GitHubUITests" */ = {
			isa = XCConfigurationList;
			buildConfigurations = (
				2BEB9D5B252850820022A2A6 /* Debug */,
				2BEB9D5C252850820022A2A6 /* Release */,
			);
			defaultConfigurationIsVisible = 0;
			defaultConfigurationName = Release;
		};
/* End XCConfigurationList section */
	};
	rootObject = 2BEB9D1D2528507F0022A2A6 /* Project object */;
}
